
Microsoft Visual Studio Solution File, Format Version 12.00
# Visual Studio Version 17
VisualStudioVersion = 17.14.36908.2
MinimumVisualStudioVersion = 10.0.40219.1
Project("{FAE04EC0-301F-11D3-BF4B-00C04F79EFBC}") = "MarketService", "MarketService.csproj", "{6FA756F6-F0C3-4B58-800A-2FAA28035624}"
EndProject
Global
	GlobalSection(SolutionConfigurationPlatforms) = preSolution
		Debug|Any CPU = Debug|Any CPU
		Release|Any CPU = Release|Any CPU
	EndGlobalSection
	GlobalSection(ProjectConfigurationPlatforms) = postSolution
		{6FA756F6-F0C3-4B58-800A-2FAA28035624}.Debug|Any CPU.ActiveCfg = Debug|Any CPU
		{6FA756F6-F0C3-4B58-800A-2FAA28035624}.Debug|Any CPU.Build.0 = Debug|Any CPU
		{6FA756F6-F0C3-4B58-800A-2FAA28035624}.Release|Any CPU.ActiveCfg = Release|Any CPU
		{6FA756F6-F0C3-4B58-800A-2FAA28035624}.Release|Any CPU.Build.0 = Release|Any CPU
	EndGlobalSection
	GlobalSection(SolutionProperties) = preSolution
		HideSolutionNode = FALSE
	EndGlobalSection
	GlobalSection(ExtensibilityGlobals) = postSolution
		SolutionGuid = {D52C2172-0240-4E5B-A6E6-0853878D1D77}
	EndGlobalSection
EndGlobal
